
Microsoft Visual Studio Solution File, Format Version 12.00
# Visual Studio Version 17
VisualStudioVersion = 17.9.34616.47
MinimumVisualStudioVersion = 10.0.40219.1
Project("{FAE04EC0-301F-11D3-BF4B-00C04F79EFBC}") = "LoyaltyPointsExchangeSystem", "LoyaltyPointsExchangeSystem\LoyaltyPointsExchangeSystem.csproj", "{37E30B62-235B-4675-BAD0-3D721C85AFE4}"
EndProject
Global
	GlobalSection(SolutionConfigurationPlatforms) = preSolution
		Debug|Any CPU = Debug|Any CPU
		Release|Any CPU = Release|Any CPU
	EndGlobalSection
	GlobalSection(ProjectConfigurationPlatforms) = postSolution
		{37E30B62-235B-4675-BAD0-3D721C85AFE4}.Debug|Any CPU.ActiveCfg = Debug|Any CPU
		{37E30B62-235B-4675-BAD0-3D721C85AFE4}.Debug|Any CPU.Build.0 = Debug|Any CPU
		{37E30B62-235B-4675-BAD0-3D721C85AFE4}.Release|Any CPU.ActiveCfg = Release|Any CPU
		{37E30B62-235B-4675-BAD0-3D721C85AFE4}.Release|Any CPU.Build.0 = Release|Any CPU
	EndGlobalSection
	GlobalSection(SolutionProperties) = preSolution
		HideSolutionNode = FALSE
	EndGlobalSection
	GlobalSection(ExtensibilityGlobals) = postSolution
		SolutionGuid = {ECB8DEA7-DB1A-4D61-8DE3-0EBB11060B9B}
	EndGlobalSection
EndGlobal
